
Microsoft Visual Studio Solution File, Format Version 12.00
# Visual Studio Version 17
VisualStudioVersion = 17.4.33205.214
MinimumVisualStudioVersion = 10.0.40219.1
Project("{FAE04EC0-301F-11D3-BF4B-00C04F79EFBC}") = "RectangularLimiter", "RectangularLimiter\RectangularLimiter.csproj", "{BAF1E3D6-B836-4598-84F8-38E2A4B1549F}"
EndProject
Global
	GlobalSection(SolutionConfigurationPlatforms) = preSolution
		Debug|Any CPU = Debug|Any CPU
		Release|Any CPU = Release|Any CPU
	EndGlobalSection
	GlobalSection(ProjectConfigurationPlatforms) = postSolution
		{BAF1E3D6-B836-4598-84F8-38E2A4B1549F}.Debug|Any CPU.ActiveCfg = Debug|Any CPU
		{BAF1E3D6-B836-4598-84F8-38E2A4B1549F}.Debug|Any CPU.Build.0 = Debug|Any CPU
		{BAF1E3D6-B836-4598-84F8-38E2A4B1549F}.Release|Any CPU.ActiveCfg = Release|Any CPU
		{BAF1E3D6-B836-4598-84F8-38E2A4B1549F}.Release|Any CPU.Build.0 = Release|Any CPU
	EndGlobalSection
	GlobalSection(SolutionProperties) = preSolution
		HideSolutionNode = FALSE
	EndGlobalSection
	GlobalSection(ExtensibilityGlobals) = postSolution
		SolutionGuid = {12A6C8A9-FDF4-4AFE-B240-6049251576FA}
	EndGlobalSection
EndGlobal
